
Microsoft Visual Studio Solution File, Format Version 12.00
# Visual Studio Version 16
VisualStudioVersion = 16.0.30114.105
MinimumVisualStudioVersion = 10.0.40219.1
Project("{9A19103F-16F7-4668-BE54-9A1E7A4F7556}") = "Lake", "Lake_REST\Lake.csproj", "{5AF12000-2AD3-42EA-B9E4-329234E3C6C9}"
EndProject
Project("{9A19103F-16F7-4668-BE54-9A1E7A4F7556}") = "Fisherman", "Fisherman_SOAP\Fisherman.csproj", "{5510D2C3-7EE3-4A62-923F-A5EA03609357}"
EndProject
Project("{9A19103F-16F7-4668-BE54-9A1E7A4F7556}") = "Fish", "Fish_gRPC\Fish.csproj", "{7E1C9045-AC08-4E2E-BF4E-42906FF89E74}"
EndProject
Global
	GlobalSection(SolutionConfigurationPlatforms) = preSolution
		Debug|Any CPU = Debug|Any CPU
		Release|Any CPU = Release|Any CPU
	EndGlobalSection
	GlobalSection(ProjectConfigurationPlatforms) = postSolution
		{5AF12000-2AD3-42EA-B9E4-329234E3C6C9}.Debug|Any CPU.ActiveCfg = Debug|Any CPU
		{5AF12000-2AD3-42EA-B9E4-329234E3C6C9}.Debug|Any CPU.Build.0 = Debug|Any CPU
		{5AF12000-2AD3-42EA-B9E4-329234E3C6C9}.Release|Any CPU.ActiveCfg = Release|Any CPU
		{5AF12000-2AD3-42EA-B9E4-329234E3C6C9}.Release|Any CPU.Build.0 = Release|Any CPU
		{5510D2C3-7EE3-4A62-923F-A5EA03609357}.Debug|Any CPU.ActiveCfg = Debug|Any CPU
		{5510D2C3-7EE3-4A62-923F-A5EA03609357}.Debug|Any CPU.Build.0 = Debug|Any CPU
		{5510D2C3-7EE3-4A62-923F-A5EA03609357}.Release|Any CPU.ActiveCfg = Release|Any CPU
		{5510D2C3-7EE3-4A62-923F-A5EA03609357}.Release|Any CPU.Build.0 = Release|Any CPU
		{7E1C9045-AC08-4E2E-BF4E-42906FF89E74}.Debug|Any CPU.ActiveCfg = Debug|Any CPU
		{7E1C9045-AC08-4E2E-BF4E-42906FF89E74}.Debug|Any CPU.Build.0 = Debug|Any CPU
		{7E1C9045-AC08-4E2E-BF4E-42906FF89E74}.Release|Any CPU.ActiveCfg = Release|Any CPU
		{7E1C9045-AC08-4E2E-BF4E-42906FF89E74}.Release|Any CPU.Build.0 = Release|Any CPU
	EndGlobalSection
	GlobalSection(SolutionProperties) = preSolution
		HideSolutionNode = FALSE
	EndGlobalSection
	GlobalSection(ExtensibilityGlobals) = postSolution
		SolutionGuid = {1674E7FC-5B04-44B8-8EEC-A8CEE42F09D5}
	EndGlobalSection
EndGlobal
